
Microsoft Visual Studio Solution File, Format Version 12.00
# Visual Studio 15
VisualStudioVersion = 15.0.27703.2042
MinimumVisualStudioVersion = 10.0.40219.1
Project("{FAE04EC0-301F-11D3-BF4B-00C04F79EFBC}") = "DungeonRunner.Console", "DungeonRunner.Console\DungeonRunner.Console.csproj", "{7D77E4E4-4829-4078-BCE1-BCD2EF15196F}"
EndProject
Global
	GlobalSection(SolutionConfigurationPlatforms) = preSolution
		Debug|Any CPU = Debug|Any CPU
		Release|Any CPU = Release|Any CPU
	EndGlobalSection
	GlobalSection(ProjectConfigurationPlatforms) = postSolution
		{7D77E4E4-4829-4078-BCE1-BCD2EF15196F}.Debug|Any CPU.ActiveCfg = Debug|Any CPU
		{7D77E4E4-4829-4078-BCE1-BCD2EF15196F}.Debug|Any CPU.Build.0 = Debug|Any CPU
		{7D77E4E4-4829-4078-BCE1-BCD2EF15196F}.Release|Any CPU.ActiveCfg = Release|Any CPU
		{7D77E4E4-4829-4078-BCE1-BCD2EF15196F}.Release|Any CPU.Build.0 = Release|Any CPU
	EndGlobalSection
	GlobalSection(SolutionProperties) = preSolution
		HideSolutionNode = FALSE
	EndGlobalSection
	GlobalSection(ExtensibilityGlobals) = postSolution
		SolutionGuid = {13D81005-01CE-4B42-ABB4-37AA2A744BE5}
	EndGlobalSection
EndGlobal
